
Microsoft Visual Studio Solution File, Format Version 12.00
# Visual Studio 2013
VisualStudioVersion = 12.0.21005.1
MinimumVisualStudioVersion = 10.0.40219.1
Project("{FAE04EC0-301F-11D3-BF4B-00C04F79EFBC}") = "TplQuickSort3", "Algorithms\TplQuickSort3.csproj", "{FE5CA9D9-A5ED-49E9-B5D7-7535DDB90FCD}"
EndProject
Project("{FAE04EC0-301F-11D3-BF4B-00C04F79EFBC}") = "MyWpfActionItemList1", "MyWpfActionItemList1\MyWpfActionItemList1.csproj", "{79F7F6C7-A9CC-490F-B49C-FF18077B9812}"
EndProject
Project("{FAE04EC0-301F-11D3-BF4B-00C04F79EFBC}") = "MyWpfCalculator1", "MyWpfCalculator1\MyWpfCalculator1.csproj", "{54C6A785-6CC5-49B1-8D7F-60E2DDB67182}"
EndProject
Project("{FAE04EC0-301F-11D3-BF4B-00C04F79EFBC}") = "MyWpfCalculator2", "MyWpfCalculator2\MyWpfCalculator2.csproj", "{008B5888-EEC2-4CC4-AA31-AD4DB0FB1ECC}"
EndProject
Project("{FAE04EC0-301F-11D3-BF4B-00C04F79EFBC}") = "TplQuickSort1", "TplQuickSort1\TplQuickSort1.csproj", "{FA908EE7-15D1-49E3-8A54-447D8864AB50}"
EndProject
Project("{FAE04EC0-301F-11D3-BF4B-00C04F79EFBC}") = "TplQuickSort2", "TplQuickSort2\TplQuickSort2.csproj", "{EE28CE24-AC41-4A4B-99EE-ACC63A24EAD7}"
EndProject
Project("{2150E333-8FDC-42A3-9474-1A3956D46DE8}") = "QuickSort", "QuickSort", "{F12E24EB-1CAB-434E-862C-6E6F060633CE}"
EndProject
Project("{2150E333-8FDC-42A3-9474-1A3956D46DE8}") = "Calculator", "Calculator", "{4003638C-96C3-41A3-9D0A-E2929468C7A7}"
EndProject
Project("{2150E333-8FDC-42A3-9474-1A3956D46DE8}") = "ActionItemList", "ActionItemList", "{9454214C-139A-40E3-A55E-2727D5F52C10}"
EndProject
Project("{2150E333-8FDC-42A3-9474-1A3956D46DE8}") = "MergeSort", "MergeSort", "{2DFCA777-EE96-4E87-B596-1F2C8A664369}"
EndProject
Project("{FAE04EC0-301F-11D3-BF4B-00C04F79EFBC}") = "TplMergeSort1", "TplMergeSort1\TplMergeSort1.csproj", "{EA110D31-036C-4BEB-A03B-9C1A6BA3DA8B}"
EndProject
Project("{FAE04EC0-301F-11D3-BF4B-00C04F79EFBC}") = "MyWpfCalculator3", "MyWpfCalculator3\MyWpfCalculator3.csproj", "{C5C0FC66-6CC7-42BB-91EF-BD42A88BD63B}"
EndProject
Project("{FAE04EC0-301F-11D3-BF4B-00C04F79EFBC}") = "WpfTomighty", "WpfTomighty\WpfTomighty.csproj", "{6FB3D48B-C1F4-4CF2-859E-B76A589BBB16}"
EndProject
Project("{FAE04EC0-301F-11D3-BF4B-00C04F79EFBC}") = "WpfTomighty2", "WpfTomighty2\WpfTomighty2.csproj", "{0A58CF68-7C27-4332-811A-2B6D3BD5EF18}"
EndProject
Project("{2150E333-8FDC-42A3-9474-1A3956D46DE8}") = "Tomighty", "Tomighty", "{9B242BBA-E5D2-4F0B-8EE1-B8983EC9A200}"
EndProject
Project("{2150E333-8FDC-42A3-9474-1A3956D46DE8}") = "PriorityQueue", "PriorityQueue", "{DCADFC83-F476-44C9-85FB-88545AA248CB}"
EndProject
Project("{F2A71F9B-5D33-465A-A702-920D77279786}") = "FSharpLeftistHeap", "FSharpLeftistHeap\FSharpLeftistHeap.fsproj", "{E8FB349C-D47A-4E24-83B8-6A2CCB3A60DA}"
EndProject
Project("{FAE04EC0-301F-11D3-BF4B-00C04F79EFBC}") = "FSharpSpecTests", "FSharpSpecTests\FSharpSpecTests.csproj", "{203BDCA5-2E5D-435B-97F3-FD446AA39FD1}"
EndProject
Project("{FAE04EC0-301F-11D3-BF4B-00C04F79EFBC}") = "CalculatorPresenter", "CalculatorPresenter\CalculatorPresenter.csproj", "{BBAF963C-3E9C-4E32-AE53-422089E7FA55}"
EndProject
Project("{2150E333-8FDC-42A3-9474-1A3956D46DE8}") = "Heap", "Heap", "{24D47588-8369-44A8-A309-3797C2CC6E6B}"
EndProject
Project("{FAE04EC0-301F-11D3-BF4B-00C04F79EFBC}") = "HeapList", "HeapList\HeapList.csproj", "{AA07EA6F-5D93-4172-8E3D-08BBEB0B191F}"
EndProject
Project("{2150E333-8FDC-42A3-9474-1A3956D46DE8}") = "WpfStuff", "WpfStuff", "{78693F1B-9F71-4AF5-9658-B7411B97253E}"
EndProject
Project("{FAE04EC0-301F-11D3-BF4B-00C04F79EFBC}") = "TeamExplorer", "TeamExplorer\TeamExplorer.csproj", "{F4D66655-74F7-40CC-8C24-E64D77C18502}"
EndProject
Project("{2150E333-8FDC-42A3-9474-1A3956D46DE8}") = "Libraries", "Libraries", "{1DC87235-C307-454A-B574-43A5DBF44C18}"
EndProject
Project("{FAE04EC0-301F-11D3-BF4B-00C04F79EFBC}") = "Xceed.Wpf.AvalonDock", "Xceed.Wpf.AvalonDock\Xceed.Wpf.AvalonDock.csproj", "{DB81988F-E0F2-45A0-A1FD-8C37F3D35244}"
EndProject
Project("{FAE04EC0-301F-11D3-BF4B-00C04F79EFBC}") = "TeamIde", "TeamIde\TeamIde.csproj", "{844C1A74-6FED-4AB3-AC4B-D26015E9E37D}"
EndProject
Project("{2150E333-8FDC-42A3-9474-1A3956D46DE8}") = "WebApi", "WebApi", "{949EE7B1-5436-4012-8E1A-FD7001E71AD4}"
EndProject
Project("{FAE04EC0-301F-11D3-BF4B-00C04F79EFBC}") = "ContactManagerHOL", "ContactManagerHOL\ContactManagerHOL.csproj", "{6CCEBF46-2665-4E48-9A66-868723C1F07F}"
EndProject
Project("{2150E333-8FDC-42A3-9474-1A3956D46DE8}") = "Windows Service", "Windows Service", "{180A4052-C35B-4A33-85C9-60B593DDA960}"
EndProject
Project("{FAE04EC0-301F-11D3-BF4B-00C04F79EFBC}") = "WriteToFileWindowsService", "WriteToFileWindowsService\WriteToFileWindowsService.csproj", "{BCA7CA27-4C4D-43C2-A054-DD59ECD4C1A3}"
EndProject
Project("{F2A71F9B-5D33-465A-A702-920D77279786}") = "FSharpLeftistHeap1", "FSharpLeftistHeap1\FSharpLeftistHeap1.fsproj", "{6B313C0D-5401-40CD-80C9-4314B43775E0}"
EndProject
Project("{2150E333-8FDC-42A3-9474-1A3956D46DE8}") = "HtmlScraping", "HtmlScraping", "{308E4DB4-5124-49B3-98E8-8A3065A22A29}"
EndProject
Project("{FAE04EC0-301F-11D3-BF4B-00C04F79EFBC}") = "ExtractImages", "ExtractImages\ExtractImages.csproj", "{D0BF8FD2-7343-411D-B022-6F11848366EB}"
EndProject
Project("{FAE04EC0-301F-11D3-BF4B-00C04F79EFBC}") = "ContactManagerHol2", "ContactManagerHol2\ContactManagerHol2.csproj", "{C421E42C-9A04-4A66-95A6-E1814DCD3179}"
EndProject
Global
	GlobalSection(SolutionConfigurationPlatforms) = preSolution
		Debug|Any CPU = Debug|Any CPU
		Release|Any CPU = Release|Any CPU
	EndGlobalSection
	GlobalSection(ProjectConfigurationPlatforms) = postSolution
		{FE5CA9D9-A5ED-49E9-B5D7-7535DDB90FCD}.Debug|Any CPU.ActiveCfg = Debug|Any CPU
		{FE5CA9D9-A5ED-49E9-B5D7-7535DDB90FCD}.Debug|Any CPU.Build.0 = Debug|Any CPU
		{FE5CA9D9-A5ED-49E9-B5D7-7535DDB90FCD}.Release|Any CPU.ActiveCfg = Release|Any CPU
		{FE5CA9D9-A5ED-49E9-B5D7-7535DDB90FCD}.Release|Any CPU.Build.0 = Release|Any CPU
		{79F7F6C7-A9CC-490F-B49C-FF18077B9812}.Debug|Any CPU.ActiveCfg = Debug|Any CPU
		{79F7F6C7-A9CC-490F-B49C-FF18077B9812}.Debug|Any CPU.Build.0 = Debug|Any CPU
		{79F7F6C7-A9CC-490F-B49C-FF18077B9812}.Release|Any CPU.ActiveCfg = Release|Any CPU
		{79F7F6C7-A9CC-490F-B49C-FF18077B9812}.Release|Any CPU.Build.0 = Release|Any CPU
		{54C6A785-6CC5-49B1-8D7F-60E2DDB67182}.Debug|Any CPU.ActiveCfg = Debug|Any CPU
		{54C6A785-6CC5-49B1-8D7F-60E2DDB67182}.Debug|Any CPU.Build.0 = Debug|Any CPU
		{54C6A785-6CC5-49B1-8D7F-60E2DDB67182}.Release|Any CPU.ActiveCfg = Release|Any CPU
		{54C6A785-6CC5-49B1-8D7F-60E2DDB67182}.Release|Any CPU.Build.0 = Release|Any CPU
		{008B5888-EEC2-4CC4-AA31-AD4DB0FB1ECC}.Debug|Any CPU.ActiveCfg = Debug|Any CPU
		{008B5888-EEC2-4CC4-AA31-AD4DB0FB1ECC}.Debug|Any CPU.Build.0 = Debug|Any CPU
		{008B5888-EEC2-4CC4-AA31-AD4DB0FB1ECC}.Release|Any CPU.ActiveCfg = Release|Any CPU
		{008B5888-EEC2-4CC4-AA31-AD4DB0FB1ECC}.Release|Any CPU.Build.0 = Release|Any CPU
		{FA908EE7-15D1-49E3-8A54-447D8864AB50}.Debug|Any CPU.ActiveCfg = Debug|Any CPU
		{FA908EE7-15D1-49E3-8A54-447D8864AB50}.Debug|Any CPU.Build.0 = Debug|Any CPU
		{FA908EE7-15D1-49E3-8A54-447D8864AB50}.Release|Any CPU.ActiveCfg = Release|Any CPU
		{FA908EE7-15D1-49E3-8A54-447D8864AB50}.Release|Any CPU.Build.0 = Release|Any CPU
		{EE28CE24-AC41-4A4B-99EE-ACC63A24EAD7}.Debug|Any CPU.ActiveCfg = Debug|Any CPU
		{EE28CE24-AC41-4A4B-99EE-ACC63A24EAD7}.Debug|Any CPU.Build.0 = Debug|Any CPU
		{EE28CE24-AC41-4A4B-99EE-ACC63A24EAD7}.Release|Any CPU.ActiveCfg = Release|Any CPU
		{EE28CE24-AC41-4A4B-99EE-ACC63A24EAD7}.Release|Any CPU.Build.0 = Release|Any CPU
		{EA110D31-036C-4BEB-A03B-9C1A6BA3DA8B}.Debug|Any CPU.ActiveCfg = Debug|Any CPU
		{EA110D31-036C-4BEB-A03B-9C1A6BA3DA8B}.Debug|Any CPU.Build.0 = Debug|Any CPU
		{EA110D31-036C-4BEB-A03B-9C1A6BA3DA8B}.Release|Any CPU.ActiveCfg = Release|Any CPU
		{EA110D31-036C-4BEB-A03B-9C1A6BA3DA8B}.Release|Any CPU.Build.0 = Release|Any CPU
		{C5C0FC66-6CC7-42BB-91EF-BD42A88BD63B}.Debug|Any CPU.ActiveCfg = Debug|Any CPU
		{C5C0FC66-6CC7-42BB-91EF-BD42A88BD63B}.Debug|Any CPU.Build.0 = Debug|Any CPU
		{C5C0FC66-6CC7-42BB-91EF-BD42A88BD63B}.Release|Any CPU.ActiveCfg = Release|Any CPU
		{C5C0FC66-6CC7-42BB-91EF-BD42A88BD63B}.Release|Any CPU.Build.0 = Release|Any CPU
		{6FB3D48B-C1F4-4CF2-859E-B76A589BBB16}.Debug|Any CPU.ActiveCfg = Debug|Any CPU
		{6FB3D48B-C1F4-4CF2-859E-B76A589BBB16}.Debug|Any CPU.Build.0 = Debug|Any CPU
		{6FB3D48B-C1F4-4CF2-859E-B76A589BBB16}.Release|Any CPU.ActiveCfg = Release|Any CPU
		{6FB3D48B-C1F4-4CF2-859E-B76A589BBB16}.Release|Any CPU.Build.0 = Release|Any CPU
		{0A58CF68-7C27-4332-811A-2B6D3BD5EF18}.Debug|Any CPU.ActiveCfg = Debug|Any CPU
		{0A58CF68-7C27-4332-811A-2B6D3BD5EF18}.Debug|Any CPU.Build.0 = Debug|Any CPU
		{0A58CF68-7C27-4332-811A-2B6D3BD5EF18}.Release|Any CPU.ActiveCfg = Release|Any CPU
		{0A58CF68-7C27-4332-811A-2B6D3BD5EF18}.Release|Any CPU.Build.0 = Release|Any CPU
		{E8FB349C-D47A-4E24-83B8-6A2CCB3A60DA}.Debug|Any CPU.ActiveCfg = Debug|Any CPU
		{E8FB349C-D47A-4E24-83B8-6A2CCB3A60DA}.Debug|Any CPU.Build.0 = Debug|Any CPU
		{E8FB349C-D47A-4E24-83B8-6A2CCB3A60DA}.Release|Any CPU.ActiveCfg = Release|Any CPU
		{E8FB349C-D47A-4E24-83B8-6A2CCB3A60DA}.Release|Any CPU.Build.0 = Release|Any CPU
		{203BDCA5-2E5D-435B-97F3-FD446AA39FD1}.Debug|Any CPU.ActiveCfg = Debug|Any CPU
		{203BDCA5-2E5D-435B-97F3-FD446AA39FD1}.Debug|Any CPU.Build.0 = Debug|Any CPU
		{203BDCA5-2E5D-435B-97F3-FD446AA39FD1}.Release|Any CPU.ActiveCfg = Release|Any CPU
		{203BDCA5-2E5D-435B-97F3-FD446AA39FD1}.Release|Any CPU.Build.0 = Release|Any CPU
		{BBAF963C-3E9C-4E32-AE53-422089E7FA55}.Debug|Any CPU.ActiveCfg = Debug|Any CPU
		{BBAF963C-3E9C-4E32-AE53-422089E7FA55}.Debug|Any CPU.Build.0 = Debug|Any CPU
		{BBAF963C-3E9C-4E32-AE53-422089E7FA55}.Release|Any CPU.ActiveCfg = Release|Any CPU
		{BBAF963C-3E9C-4E32-AE53-422089E7FA55}.Release|Any CPU.Build.0 = Release|Any CPU
		{AA07EA6F-5D93-4172-8E3D-08BBEB0B191F}.Debug|Any CPU.ActiveCfg = Debug|Any CPU
		{AA07EA6F-5D93-4172-8E3D-08BBEB0B191F}.Debug|Any CPU.Build.0 = Debug|Any CPU
		{AA07EA6F-5D93-4172-8E3D-08BBEB0B191F}.Release|Any CPU.ActiveCfg = Release|Any CPU
		{AA07EA6F-5D93-4172-8E3D-08BBEB0B191F}.Release|Any CPU.Build.0 = Release|Any CPU
		{F4D66655-74F7-40CC-8C24-E64D77C18502}.Debug|Any CPU.ActiveCfg = Debug|Any CPU
		{F4D66655-74F7-40CC-8C24-E64D77C18502}.Debug|Any CPU.Build.0 = Debug|Any CPU
		{F4D66655-74F7-40CC-8C24-E64D77C18502}.Release|Any CPU.ActiveCfg = Release|Any CPU
		{F4D66655-74F7-40CC-8C24-E64D77C18502}.Release|Any CPU.Build.0 = Release|Any CPU
		{DB81988F-E0F2-45A0-A1FD-8C37F3D35244}.Debug|Any CPU.ActiveCfg = Debug|Any CPU
		{DB81988F-E0F2-45A0-A1FD-8C37F3D35244}.Debug|Any CPU.Build.0 = Debug|Any CPU
		{DB81988F-E0F2-45A0-A1FD-8C37F3D35244}.Release|Any CPU.ActiveCfg = Release|Any CPU
		{DB81988F-E0F2-45A0-A1FD-8C37F3D35244}.Release|Any CPU.Build.0 = Release|Any CPU
		{844C1A74-6FED-4AB3-AC4B-D26015E9E37D}.Debug|Any CPU.ActiveCfg = Debug|Any CPU
		{844C1A74-6FED-4AB3-AC4B-D26015E9E37D}.Debug|Any CPU.Build.0 = Debug|Any CPU
		{844C1A74-6FED-4AB3-AC4B-D26015E9E37D}.Release|Any CPU.ActiveCfg = Release|Any CPU
		{844C1A74-6FED-4AB3-AC4B-D26015E9E37D}.Release|Any CPU.Build.0 = Release|Any CPU
		{6CCEBF46-2665-4E48-9A66-868723C1F07F}.Debug|Any CPU.ActiveCfg = Debug|Any CPU
		{6CCEBF46-2665-4E48-9A66-868723C1F07F}.Debug|Any CPU.Build.0 = Debug|Any CPU
		{6CCEBF46-2665-4E48-9A66-868723C1F07F}.Release|Any CPU.ActiveCfg = Release|Any CPU
		{6CCEBF46-2665-4E48-9A66-868723C1F07F}.Release|Any CPU.Build.0 = Release|Any CPU
		{BCA7CA27-4C4D-43C2-A054-DD59ECD4C1A3}.Debug|Any CPU.ActiveCfg = Debug|Any CPU
		{BCA7CA27-4C4D-43C2-A054-DD59ECD4C1A3}.Debug|Any CPU.Build.0 = Debug|Any CPU
		{BCA7CA27-4C4D-43C2-A054-DD59ECD4C1A3}.Release|Any CPU.ActiveCfg = Release|Any CPU
		{BCA7CA27-4C4D-43C2-A054-DD59ECD4C1A3}.Release|Any CPU.Build.0 = Release|Any CPU
		{6B313C0D-5401-40CD-80C9-4314B43775E0}.Debug|Any CPU.ActiveCfg = Debug|Any CPU
		{6B313C0D-5401-40CD-80C9-4314B43775E0}.Debug|Any CPU.Build.0 = Debug|Any CPU
		{6B313C0D-5401-40CD-80C9-4314B43775E0}.Release|Any CPU.ActiveCfg = Release|Any CPU
		{6B313C0D-5401-40CD-80C9-4314B43775E0}.Release|Any CPU.Build.0 = Release|Any CPU
		{D0BF8FD2-7343-411D-B022-6F11848366EB}.Debug|Any CPU.ActiveCfg = Debug|Any CPU
		{D0BF8FD2-7343-411D-B022-6F11848366EB}.Debug|Any CPU.Build.0 = Debug|Any CPU
		{D0BF8FD2-7343-411D-B022-6F11848366EB}.Release|Any CPU.ActiveCfg = Release|Any CPU
		{D0BF8FD2-7343-411D-B022-6F11848366EB}.Release|Any CPU.Build.0 = Release|Any CPU
		{C421E42C-9A04-4A66-95A6-E1814DCD3179}.Debug|Any CPU.ActiveCfg = Debug|Any CPU
		{C421E42C-9A04-4A66-95A6-E1814DCD3179}.Debug|Any CPU.Build.0 = Debug|Any CPU
		{C421E42C-9A04-4A66-95A6-E1814DCD3179}.Release|Any CPU.ActiveCfg = Release|Any CPU
		{C421E42C-9A04-4A66-95A6-E1814DCD3179}.Release|Any CPU.Build.0 = Release|Any CPU
	EndGlobalSection
	GlobalSection(SolutionProperties) = preSolution
		HideSolutionNode = FALSE
	EndGlobalSection
	GlobalSection(NestedProjects) = preSolution
		{FA908EE7-15D1-49E3-8A54-447D8864AB50} = {F12E24EB-1CAB-434E-862C-6E6F060633CE}
		{EE28CE24-AC41-4A4B-99EE-ACC63A24EAD7} = {F12E24EB-1CAB-434E-862C-6E6F060633CE}
		{FE5CA9D9-A5ED-49E9-B5D7-7535DDB90FCD} = {F12E24EB-1CAB-434E-862C-6E6F060633CE}
		{79F7F6C7-A9CC-490F-B49C-FF18077B9812} = {9454214C-139A-40E3-A55E-2727D5F52C10}
		{008B5888-EEC2-4CC4-AA31-AD4DB0FB1ECC} = {4003638C-96C3-41A3-9D0A-E2929468C7A7}
		{54C6A785-6CC5-49B1-8D7F-60E2DDB67182} = {4003638C-96C3-41A3-9D0A-E2929468C7A7}
		{C5C0FC66-6CC7-42BB-91EF-BD42A88BD63B} = {4003638C-96C3-41A3-9D0A-E2929468C7A7}
		{BBAF963C-3E9C-4E32-AE53-422089E7FA55} = {4003638C-96C3-41A3-9D0A-E2929468C7A7}
		{EA110D31-036C-4BEB-A03B-9C1A6BA3DA8B} = {2DFCA777-EE96-4E87-B596-1F2C8A664369}
		{0A58CF68-7C27-4332-811A-2B6D3BD5EF18} = {9B242BBA-E5D2-4F0B-8EE1-B8983EC9A200}
		{6FB3D48B-C1F4-4CF2-859E-B76A589BBB16} = {9B242BBA-E5D2-4F0B-8EE1-B8983EC9A200}
		{E8FB349C-D47A-4E24-83B8-6A2CCB3A60DA} = {DCADFC83-F476-44C9-85FB-88545AA248CB}
		{203BDCA5-2E5D-435B-97F3-FD446AA39FD1} = {DCADFC83-F476-44C9-85FB-88545AA248CB}
		{6B313C0D-5401-40CD-80C9-4314B43775E0} = {DCADFC83-F476-44C9-85FB-88545AA248CB}
		{AA07EA6F-5D93-4172-8E3D-08BBEB0B191F} = {24D47588-8369-44A8-A309-3797C2CC6E6B}
		{F4D66655-74F7-40CC-8C24-E64D77C18502} = {78693F1B-9F71-4AF5-9658-B7411B97253E}
		{844C1A74-6FED-4AB3-AC4B-D26015E9E37D} = {78693F1B-9F71-4AF5-9658-B7411B97253E}
		{DB81988F-E0F2-45A0-A1FD-8C37F3D35244} = {1DC87235-C307-454A-B574-43A5DBF44C18}
		{6CCEBF46-2665-4E48-9A66-868723C1F07F} = {949EE7B1-5436-4012-8E1A-FD7001E71AD4}
		{C421E42C-9A04-4A66-95A6-E1814DCD3179} = {949EE7B1-5436-4012-8E1A-FD7001E71AD4}
		{BCA7CA27-4C4D-43C2-A054-DD59ECD4C1A3} = {180A4052-C35B-4A33-85C9-60B593DDA960}
		{D0BF8FD2-7343-411D-B022-6F11848366EB} = {308E4DB4-5124-49B3-98E8-8A3065A22A29}
	EndGlobalSection
EndGlobal
